
Microsoft Visual Studio Solution File, Format Version 12.00
# Visual Studio Version 16
VisualStudioVersion = 16.6.30114.105
MinimumVisualStudioVersion = 10.0.40219.1
Project("{9A19103F-16F7-4668-BE54-9A1E7A4F7556}") = "R5T.T0075", "R5T.T0075\R5T.T0075.csproj", "{48258B45-3B37-487D-B0BA-24AA6080F968}"
EndProject
Project("{2150E333-8FDC-42A3-9474-1A3956D46DE8}") = "_Dependencies", "_Dependencies", "{D3568CE5-F2D1-4DE2-877D-84C30BF7D18E}"
EndProject
Project("{9A19103F-16F7-4668-BE54-9A1E7A4F7556}") = "R5T.L0014", "..\..\R5T.L0014\source\R5T.L0014\R5T.L0014.csproj", "{F3F1E36E-5B0D-4706-841F-E4C5E15A26CF}"
EndProject
Project("{9A19103F-16F7-4668-BE54-9A1E7A4F7556}") = "R5T.T0072", "..\..\R5T.T0072\source\R5T.T0072\R5T.T0072.csproj", "{A4268FFE-A2A7-441A-8D39-B7E332F5CAA4}"
EndProject
Project("{9A19103F-16F7-4668-BE54-9A1E7A4F7556}") = "R5T.T0073", "..\..\R5T.T0073\source\R5T.T0073\R5T.T0073.csproj", "{4F974568-1F90-4F04-AB31-C13D722A9DC9}"
EndProject
Global
	GlobalSection(SolutionConfigurationPlatforms) = preSolution
		Debug|Any CPU = Debug|Any CPU
		Debug|x64 = Debug|x64
		Debug|x86 = Debug|x86
		Release|Any CPU = Release|Any CPU
		Release|x64 = Release|x64
		Release|x86 = Release|x86
	EndGlobalSection
	GlobalSection(ProjectConfigurationPlatforms) = postSolution
		{48258B45-3B37-487D-B0BA-24AA6080F968}.Debug|Any CPU.ActiveCfg = Debug|Any CPU
		{48258B45-3B37-487D-B0BA-24AA6080F968}.Debug|Any CPU.Build.0 = Debug|Any CPU
		{48258B45-3B37-487D-B0BA-24AA6080F968}.Debug|x64.ActiveCfg = Debug|Any CPU
		{48258B45-3B37-487D-B0BA-24AA6080F968}.Debug|x64.Build.0 = Debug|Any CPU
		{48258B45-3B37-487D-B0BA-24AA6080F968}.Debug|x86.ActiveCfg = Debug|Any CPU
		{48258B45-3B37-487D-B0BA-24AA6080F968}.Debug|x86.Build.0 = Debug|Any CPU
		{48258B45-3B37-487D-B0BA-24AA6080F968}.Release|Any CPU.ActiveCfg = Release|Any CPU
		{48258B45-3B37-487D-B0BA-24AA6080F968}.Release|Any CPU.Build.0 = Release|Any CPU
		{48258B45-3B37-487D-B0BA-24AA6080F968}.Release|x64.ActiveCfg = Release|Any CPU
		{48258B45-3B37-487D-B0BA-24AA6080F968}.Release|x64.Build.0 = Release|Any CPU
		{48258B45-3B37-487D-B0BA-24AA6080F968}.Release|x86.ActiveCfg = Release|Any CPU
		{48258B45-3B37-487D-B0BA-24AA6080F968}.Release|x86.Build.0 = Release|Any CPU
		{F3F1E36E-5B0D-4706-841F-E4C5E15A26CF}.Debug|Any CPU.ActiveCfg = Debug|Any CPU
		{F3F1E36E-5B0D-4706-841F-E4C5E15A26CF}.Debug|Any CPU.Build.0 = Debug|Any CPU
		{F3F1E36E-5B0D-4706-841F-E4C5E15A26CF}.Debug|x64.ActiveCfg = Debug|Any CPU
		{F3F1E36E-5B0D-4706-841F-E4C5E15A26CF}.Debug|x64.Build.0 = Debug|Any CPU
		{F3F1E36E-5B0D-4706-841F-E4C5E15A26CF}.Debug|x86.ActiveCfg = Debug|Any CPU
		{F3F1E36E-5B0D-4706-841F-E4C5E15A26CF}.Debug|x86.Build.0 = Debug|Any CPU
		{F3F1E36E-5B0D-4706-841F-E4C5E15A26CF}.Release|Any CPU.ActiveCfg = Release|Any CPU
		{F3F1E36E-5B0D-4706-841F-E4C5E15A26CF}.Release|Any CPU.Build.0 = Release|Any CPU
		{F3F1E36E-5B0D-4706-841F-E4C5E15A26CF}.Release|x64.ActiveCfg = Release|Any CPU
		{F3F1E36E-5B0D-4706-841F-E4C5E15A26CF}.Release|x64.Build.0 = Release|Any CPU
		{F3F1E36E-5B0D-4706-841F-E4C5E15A26CF}.Release|x86.ActiveCfg = Release|Any CPU
		{F3F1E36E-5B0D-4706-841F-E4C5E15A26CF}.Release|x86.Build.0 = Release|Any CPU
		{A4268FFE-A2A7-441A-8D39-B7E332F5CAA4}.Debug|Any CPU.ActiveCfg = Debug|Any CPU
		{A4268FFE-A2A7-441A-8D39-B7E332F5CAA4}.Debug|Any CPU.Build.0 = Debug|Any CPU
		{A4268FFE-A2A7-441A-8D39-B7E332F5CAA4}.Debug|x64.ActiveCfg = Debug|Any CPU
		{A4268FFE-A2A7-441A-8D39-B7E332F5CAA4}.Debug|x64.Build.0 = Debug|Any CPU
		{A4268FFE-A2A7-441A-8D39-B7E332F5CAA4}.Debug|x86.ActiveCfg = Debug|Any CPU
		{A4268FFE-A2A7-441A-8D39-B7E332F5CAA4}.Debug|x86.Build.0 = Debug|Any CPU
		{A4268FFE-A2A7-441A-8D39-B7E332F5CAA4}.Release|Any CPU.ActiveCfg = Release|Any CPU
		{A4268FFE-A2A7-441A-8D39-B7E332F5CAA4}.Release|Any CPU.Build.0 = Release|Any CPU
		{A4268FFE-A2A7-441A-8D39-B7E332F5CAA4}.Release|x64.ActiveCfg = Release|Any CPU
		{A4268FFE-A2A7-441A-8D39-B7E332F5CAA4}.Release|x64.Build.0 = Release|Any CPU
		{A4268FFE-A2A7-441A-8D39-B7E332F5CAA4}.Release|x86.ActiveCfg = Release|Any CPU
		{A4268FFE-A2A7-441A-8D39-B7E332F5CAA4}.Release|x86.Build.0 = Release|Any CPU
		{4F974568-1F90-4F04-AB31-C13D722A9DC9}.Debug|Any CPU.ActiveCfg = Debug|Any CPU
		{4F974568-1F90-4F04-AB31-C13D722A9DC9}.Debug|Any CPU.Build.0 = Debug|Any CPU
		{4F974568-1F90-4F04-AB31-C13D722A9DC9}.Debug|x64.ActiveCfg = Debug|Any CPU
		{4F974568-1F90-4F04-AB31-C13D722A9DC9}.Debug|x64.Build.0 = Debug|Any CPU
		{4F974568-1F90-4F04-AB31-C13D722A9DC9}.Debug|x86.ActiveCfg = Debug|Any CPU
		{4F974568-1F90-4F04-AB31-C13D722A9DC9}.Debug|x86.Build.0 = Debug|Any CPU
		{4F974568-1F90-4F04-AB31-C13D722A9DC9}.Release|Any CPU.ActiveCfg = Release|Any CPU
		{4F974568-1F90-4F04-AB31-C13D722A9DC9}.Release|Any CPU.Build.0 = Release|Any CPU
		{4F974568-1F90-4F04-AB31-C13D722A9DC9}.Release|x64.ActiveCfg = Release|Any CPU
		{4F974568-1F90-4F04-AB31-C13D722A9DC9}.Release|x64.Build.0 = Release|Any CPU
		{4F974568-1F90-4F04-AB31-C13D722A9DC9}.Release|x86.ActiveCfg = Release|Any CPU
		{4F974568-1F90-4F04-AB31-C13D722A9DC9}.Release|x86.Build.0 = Release|Any CPU
	EndGlobalSection
	GlobalSection(SolutionProperties) = preSolution
		HideSolutionNode = FALSE
	EndGlobalSection
	GlobalSection(NestedProjects) = preSolution
		{F3F1E36E-5B0D-4706-841F-E4C5E15A26CF} = {D3568CE5-F2D1-4DE2-877D-84C30BF7D18E}
		{A4268FFE-A2A7-441A-8D39-B7E332F5CAA4} = {D3568CE5-F2D1-4DE2-877D-84C30BF7D18E}
		{4F974568-1F90-4F04-AB31-C13D722A9DC9} = {D3568CE5-F2D1-4DE2-877D-84C30BF7D18E}
	EndGlobalSection
	GlobalSection(ExtensibilityGlobals) = postSolution
		SolutionGuid = {A8F0957D-7A7D-4759-9494-53AFA20350CA}
	EndGlobalSection
EndGlobal
